// !$*UTF8*$!
{
	archiveVersion = 1;
	classes = {
	};
	objectVersion = 50;
	objects = {

/* Begin PBXBuildFile section */
		3CC3E69A26D0E6BD007EE11C /* AppDelegate.swift in Sources */ = {isa = PBXBuildFile; fileRef = 3CC3E69926D0E6BD007EE11C /* AppDelegate.swift */; };
		3CC3E69C26D0E6BD007EE11C /* SceneDelegate.swift in Sources */ = {isa = PBXBuildFile; fileRef = 3CC3E69B26D0E6BD007EE11C /* SceneDelegate.swift */; };
		3CC3E69E26D0E6BD007EE11C /* ContentView.swift in Sources */ = {isa = PBXBuildFile; fileRef = 3CC3E69D26D0E6BD007EE11C /* ContentView.swift */; };
		3CC3E6A026D0E6BF007EE11C /* Assets.xcassets in Resources */ = {isa = PBXBuildFile; fileRef = 3CC3E69F26D0E6BF007EE11C /* Assets.xcassets */; };
		3CC3E6A326D0E6BF007EE11C /* Preview Assets.xcassets in Resources */ = {isa = PBXBuildFile; fileRef = 3CC3E6A226D0E6BF007EE11C /* Preview Assets.xcassets */; };
		3CC3E6A626D0E6BF007EE11C /* LaunchScreen.storyboard in Resources */ = {isa = PBXBuildFile; fileRef = 3CC3E6A426D0E6BF007EE11C /* LaunchScreen.storyboard */; };
		3CC3E6B126D0E6BF007EE11C /* MovieNoteTests.swift in Sources */ = {isa = PBXBuildFile; fileRef = 3CC3E6B026D0E6BF007EE11C /* MovieNoteTests.swift */; };
		3CC3E6BC26D0E6BF007EE11C /* MovieNoteUITests.swift in Sources */ = {isa = PBXBuildFile; fileRef = 3CC3E6BB26D0E6BF007EE11C /* MovieNoteUITests.swift */; };
		3CC3E6CA26D0EC5C007EE11C /* MainView.swift in Sources */ = {isa = PBXBuildFile; fileRef = 3CC3E6C926D0EC5C007EE11C /* MainView.swift */; };
		3CC3E6D026D14299007EE11C /* TrendingView.swift in Sources */ = {isa = PBXBuildFile; fileRef = 3CC3E6CF26D14299007EE11C /* TrendingView.swift */; };
		3CC3E6D426D143BB007EE11C /* NoteListView.swift in Sources */ = {isa = PBXBuildFile; fileRef = 3CC3E6D326D143BB007EE11C /* NoteListView.swift */; };
		3CC3E6DD26D14C15007EE11C /* SettingRootView.swift in Sources */ = {isa = PBXBuildFile; fileRef = 3CC3E6DC26D14C15007EE11C /* SettingRootView.swift */; };
		3CC3E6E026D15C05007EE11C /* Constants.swift in Sources */ = {isa = PBXBuildFile; fileRef = 3CC3E6DF26D15C05007EE11C /* Constants.swift */; };
		3CC3E6E426D1603C007EE11C /* SettingView.swift in Sources */ = {isa = PBXBuildFile; fileRef = 3CC3E6E326D1603C007EE11C /* SettingView.swift */; };
		3CC3E6E826D16242007EE11C /* Trending.swift in Sources */ = {isa = PBXBuildFile; fileRef = 3CC3E6E726D16242007EE11C /* Trending.swift */; };
		3CC3E6EA26D16B7D007EE11C /* Movie.swift in Sources */ = {isa = PBXBuildFile; fileRef = 3CC3E6E926D16B7D007EE11C /* Movie.swift */; };
		3CC3E6F026D24497007EE11C /* NetworkService.swift in Sources */ = {isa = PBXBuildFile; fileRef = 3CC3E6EF26D24497007EE11C /* NetworkService.swift */; };
		3CC3E6F226D28FA4007EE11C /* NetworkResource.swift in Sources */ = {isa = PBXBuildFile; fileRef = 3CC3E6F126D28FA4007EE11C /* NetworkResource.swift */; };
		3CC3E6F426D28FC8007EE11C /* NetworkResource+TMDB.swift in Sources */ = {isa = PBXBuildFile; fileRef = 3CC3E6F326D28FC8007EE11C /* NetworkResource+TMDB.swift */; };
		3CC3E6F626D2A6B1007EE11C /* Publisher+Utils.swift in Sources */ = {isa = PBXBuildFile; fileRef = 3CC3E6F526D2A6B1007EE11C /* Publisher+Utils.swift */; };
/* End PBXBuildFile section */

/* Begin PBXContainerItemProxy section */
		3CC3E6AD26D0E6BF007EE11C /* PBXContainerItemProxy */ = {
			isa = PBXContainerItemProxy;
			containerPortal = 3CC3E68E26D0E6BD007EE11C /* Project object */;
			proxyType = 1;
			remoteGlobalIDString = 3CC3E69526D0E6BD007EE11C;
			remoteInfo = MovieNote;
		};
		3CC3E6B826D0E6BF007EE11C /* PBXContainerItemProxy */ = {
			isa = PBXContainerItemProxy;
			containerPortal = 3CC3E68E26D0E6BD007EE11C /* Project object */;
			proxyType = 1;
			remoteGlobalIDString = 3CC3E69526D0E6BD007EE11C;
			remoteInfo = MovieNote;
		};
/* End PBXContainerItemProxy section */

/* Begin PBXFileReference section */
		3CC3E69626D0E6BD007EE11C /* MovieNote.app */ = {isa = PBXFileReference; explicitFileType = wrapper.application; includeInIndex = 0; path = MovieNote.app; sourceTree = BUILT_PRODUCTS_DIR; };
		3CC3E69926D0E6BD007EE11C /* AppDelegate.swift */ = {isa = PBXFileReference; lastKnownFileType = sourcecode.swift; path = AppDelegate.swift; sourceTree = "<group>"; };
		3CC3E69B26D0E6BD007EE11C /* SceneDelegate.swift */ = {isa = PBXFileReference; lastKnownFileType = sourcecode.swift; path = SceneDelegate.swift; sourceTree = "<group>"; };
		3CC3E69D26D0E6BD007EE11C /* ContentView.swift */ = {isa = PBXFileReference; lastKnownFileType = sourcecode.swift; path = ContentView.swift; sourceTree = "<group>"; };
		3CC3E69F26D0E6BF007EE11C /* Assets.xcassets */ = {isa = PBXFileReference; lastKnownFileType = folder.assetcatalog; path = Assets.xcassets; sourceTree = "<group>"; };
		3CC3E6A226D0E6BF007EE11C /* Preview Assets.xcassets */ = {isa = PBXFileReference; lastKnownFileType = folder.assetcatalog; path = "Preview Assets.xcassets"; sourceTree = "<group>"; };
		3CC3E6A526D0E6BF007EE11C /* Base */ = {isa = PBXFileReference; lastKnownFileType = file.storyboard; name = Base; path = Base.lproj/LaunchScreen.storyboard; sourceTree = "<group>"; };
		3CC3E6A726D0E6BF007EE11C /* Info.plist */ = {isa = PBXFileReference; lastKnownFileType = text.plist.xml; path = Info.plist; sourceTree = "<group>"; };
		3CC3E6AC26D0E6BF007EE11C /* MovieNoteTests.xctest */ = {isa = PBXFileReference; explicitFileType = wrapper.cfbundle; includeInIndex = 0; path = MovieNoteTests.xctest; sourceTree = BUILT_PRODUCTS_DIR; };
		3CC3E6B026D0E6BF007EE11C /* MovieNoteTests.swift */ = {isa = PBXFileReference; lastKnownFileType = sourcecode.swift; path = MovieNoteTests.swift; sourceTree = "<group>"; };
		3CC3E6B226D0E6BF007EE11C /* Info.plist */ = {isa = PBXFileReference; lastKnownFileType = text.plist.xml; path = Info.plist; sourceTree = "<group>"; };
		3CC3E6B726D0E6BF007EE11C /* MovieNoteUITests.xctest */ = {isa = PBXFileReference; explicitFileType = wrapper.cfbundle; includeInIndex = 0; path = MovieNoteUITests.xctest; sourceTree = BUILT_PRODUCTS_DIR; };
		3CC3E6BB26D0E6BF007EE11C /* MovieNoteUITests.swift */ = {isa = PBXFileReference; lastKnownFileType = sourcecode.swift; path = MovieNoteUITests.swift; sourceTree = "<group>"; };
		3CC3E6BD26D0E6BF007EE11C /* Info.plist */ = {isa = PBXFileReference; lastKnownFileType = text.plist.xml; path = Info.plist; sourceTree = "<group>"; };
		3CC3E6C926D0EC5C007EE11C /* MainView.swift */ = {isa = PBXFileReference; lastKnownFileType = sourcecode.swift; path = MainView.swift; sourceTree = "<group>"; };
		3CC3E6CF26D14299007EE11C /* TrendingView.swift */ = {isa = PBXFileReference; lastKnownFileType = sourcecode.swift; path = TrendingView.swift; sourceTree = "<group>"; };
		3CC3E6D326D143BB007EE11C /* NoteListView.swift */ = {isa = PBXFileReference; lastKnownFileType = sourcecode.swift; path = NoteListView.swift; sourceTree = "<group>"; };
		3CC3E6DC26D14C15007EE11C /* SettingRootView.swift */ = {isa = PBXFileReference; lastKnownFileType = sourcecode.swift; path = SettingRootView.swift; sourceTree = "<group>"; };
		3CC3E6DF26D15C05007EE11C /* Constants.swift */ = {isa = PBXFileReference; lastKnownFileType = sourcecode.swift; path = Constants.swift; sourceTree = "<group>"; };
		3CC3E6E326D1603C007EE11C /* SettingView.swift */ = {isa = PBXFileReference; lastKnownFileType = sourcecode.swift; path = SettingView.swift; sourceTree = "<group>"; };
		3CC3E6E726D16242007EE11C /* Trending.swift */ = {isa = PBXFileReference; lastKnownFileType = sourcecode.swift; path = Trending.swift; sourceTree = "<group>"; };
		3CC3E6E926D16B7D007EE11C /* Movie.swift */ = {isa = PBXFileReference; lastKnownFileType = sourcecode.swift; path = Movie.swift; sourceTree = "<group>"; };
		3CC3E6EF26D24497007EE11C /* NetworkService.swift */ = {isa = PBXFileReference; lastKnownFileType = sourcecode.swift; path = NetworkService.swift; sourceTree = "<group>"; };
		3CC3E6F126D28FA4007EE11C /* NetworkResource.swift */ = {isa = PBXFileReference; lastKnownFileType = sourcecode.swift; path = NetworkResource.swift; sourceTree = "<group>"; };
		3CC3E6F326D28FC8007EE11C /* NetworkResource+TMDB.swift */ = {isa = PBXFileReference; lastKnownFileType = sourcecode.swift; path = "NetworkResource+TMDB.swift"; sourceTree = "<group>"; };
		3CC3E6F526D2A6B1007EE11C /* Publisher+Utils.swift */ = {isa = PBXFileReference; lastKnownFileType = sourcecode.swift; path = "Publisher+Utils.swift"; sourceTree = "<group>"; };
/* End PBXFileReference section */

/* Begin PBXFrameworksBuildPhase section */
		3CC3E69326D0E6BD007EE11C /* Frameworks */ = {
			isa = PBXFrameworksBuildPhase;
			buildActionMask = 2147483647;
			files = (
			);
			runOnlyForDeploymentPostprocessing = 0;
		};
		3CC3E6A926D0E6BF007EE11C /* Frameworks */ = {
			isa = PBXFrameworksBuildPhase;
			buildActionMask = 2147483647;
			files = (
			);
			runOnlyForDeploymentPostprocessing = 0;
		};
		3CC3E6B426D0E6BF007EE11C /* Frameworks */ = {
			isa = PBXFrameworksBuildPhase;
			buildActionMask = 2147483647;
			files = (
			);
			runOnlyForDeploymentPostprocessing = 0;
		};
/* End PBXFrameworksBuildPhase section */

/* Begin PBXGroup section */
		3CC3E68D26D0E6BD007EE11C = {
			isa = PBXGroup;
			children = (
				3CC3E69826D0E6BD007EE11C /* MovieNote */,
				3CC3E6AF26D0E6BF007EE11C /* MovieNoteTests */,
				3CC3E6BA26D0E6BF007EE11C /* MovieNoteUITests */,
				3CC3E69726D0E6BD007EE11C /* Products */,
			);
			sourceTree = "<group>";
		};
		3CC3E69726D0E6BD007EE11C /* Products */ = {
			isa = PBXGroup;
			children = (
				3CC3E69626D0E6BD007EE11C /* MovieNote.app */,
				3CC3E6AC26D0E6BF007EE11C /* MovieNoteTests.xctest */,
				3CC3E6B726D0E6BF007EE11C /* MovieNoteUITests.xctest */,
			);
			name = Products;
			sourceTree = "<group>";
		};
		3CC3E69826D0E6BD007EE11C /* MovieNote */ = {
			isa = PBXGroup;
			children = (
				3CC3E6CD26D14079007EE11C /* Services */,
				3CC3E6CC26D0EF5F007EE11C /* Model */,
				3CC3E6CB26D0EF58007EE11C /* View */,
				3CC3E6DE26D15BC6007EE11C /* Utils */,
				3CC3E69926D0E6BD007EE11C /* AppDelegate.swift */,
				3CC3E69B26D0E6BD007EE11C /* SceneDelegate.swift */,
				3CC3E69D26D0E6BD007EE11C /* ContentView.swift */,
				3CC3E6C926D0EC5C007EE11C /* MainView.swift */,
				3CC3E69F26D0E6BF007EE11C /* Assets.xcassets */,
				3CC3E6A426D0E6BF007EE11C /* LaunchScreen.storyboard */,
				3CC3E6A726D0E6BF007EE11C /* Info.plist */,
				3CC3E6A126D0E6BF007EE11C /* Preview Content */,
			);
			path = MovieNote;
			sourceTree = "<group>";
		};
		3CC3E6A126D0E6BF007EE11C /* Preview Content */ = {
			isa = PBXGroup;
			children = (
				3CC3E6A226D0E6BF007EE11C /* Preview Assets.xcassets */,
			);
			path = "Preview Content";
			sourceTree = "<group>";
		};
		3CC3E6AF26D0E6BF007EE11C /* MovieNoteTests */ = {
			isa = PBXGroup;
			children = (
				3CC3E6B026D0E6BF007EE11C /* MovieNoteTests.swift */,
				3CC3E6B226D0E6BF007EE11C /* Info.plist */,
			);
			path = MovieNoteTests;
			sourceTree = "<group>";
		};
		3CC3E6BA26D0E6BF007EE11C /* MovieNoteUITests */ = {
			isa = PBXGroup;
			children = (
				3CC3E6BB26D0E6BF007EE11C /* MovieNoteUITests.swift */,
				3CC3E6BD26D0E6BF007EE11C /* Info.plist */,
			);
			path = MovieNoteUITests;
			sourceTree = "<group>";
		};
		3CC3E6CB26D0EF58007EE11C /* View */ = {
			isa = PBXGroup;
			children = (
				3CC3E6DB26D14B42007EE11C /* Note */,
				3CC3E6DA26D14B3B007EE11C /* Trending */,
				3CC3E6D926D14B2E007EE11C /* Setting */,
			);
			path = View;
			sourceTree = "<group>";
		};
		3CC3E6CC26D0EF5F007EE11C /* Model */ = {
			isa = PBXGroup;
			children = (
				3CC3E6E626D161C7007EE11C /* View */,
				3CC3E6E526D161C1007EE11C /* Data */,
			);
			path = Model;
			sourceTree = "<group>";
		};
		3CC3E6CD26D14079007EE11C /* Services */ = {
			isa = PBXGroup;
			children = (
				3CC3E6CE26D14084007EE11C /* Network */,
			);
			path = Services;
			sourceTree = "<group>";
		};
		3CC3E6CE26D14084007EE11C /* Network */ = {
			isa = PBXGroup;
			children = (
				3CC3E6EF26D24497007EE11C /* NetworkService.swift */,
				3CC3E6F126D28FA4007EE11C /* NetworkResource.swift */,
				3CC3E6F326D28FC8007EE11C /* NetworkResource+TMDB.swift */,
			);
			path = Network;
			sourceTree = "<group>";
		};
		3CC3E6D926D14B2E007EE11C /* Setting */ = {
			isa = PBXGroup;
			children = (
				3CC3E6DC26D14C15007EE11C /* SettingRootView.swift */,
				3CC3E6E326D1603C007EE11C /* SettingView.swift */,
			);
			path = Setting;
			sourceTree = "<group>";
		};
		3CC3E6DA26D14B3B007EE11C /* Trending */ = {
			isa = PBXGroup;
			children = (
				3CC3E6CF26D14299007EE11C /* TrendingView.swift */,
			);
			path = Trending;
			sourceTree = "<group>";
		};
		3CC3E6DB26D14B42007EE11C /* Note */ = {
			isa = PBXGroup;
			children = (
				3CC3E6D326D143BB007EE11C /* NoteListView.swift */,
			);
			path = Note;
			sourceTree = "<group>";
		};
		3CC3E6DE26D15BC6007EE11C /* Utils */ = {
			isa = PBXGroup;
			children = (
				3CC3E6DF26D15C05007EE11C /* Constants.swift */,
				3CC3E6F526D2A6B1007EE11C /* Publisher+Utils.swift */,
			);
			path = Utils;
			sourceTree = "<group>";
		};
		3CC3E6E526D161C1007EE11C /* Data */ = {
			isa = PBXGroup;
			children = (
				3CC3E6E726D16242007EE11C /* Trending.swift */,
				3CC3E6E926D16B7D007EE11C /* Movie.swift */,
			);
			path = Data;
			sourceTree = "<group>";
		};
		3CC3E6E626D161C7007EE11C /* View */ = {
			isa = PBXGroup;
			children = (
			);
			path = View;
			sourceTree = "<group>";
		};
/* End PBXGroup section */

/* Begin PBXNativeTarget section */
		3CC3E69526D0E6BD007EE11C /* MovieNote */ = {
			isa = PBXNativeTarget;
			buildConfigurationList = 3CC3E6C026D0E6BF007EE11C /* Build configuration list for PBXNativeTarget "MovieNote" */;
			buildPhases = (
				3CC3E69226D0E6BD007EE11C /* Sources */,
				3CC3E69326D0E6BD007EE11C /* Frameworks */,
				3CC3E69426D0E6BD007EE11C /* Resources */,
			);
			buildRules = (
			);
			dependencies = (
			);
			name = MovieNote;
			productName = MovieNote;
			productReference = 3CC3E69626D0E6BD007EE11C /* MovieNote.app */;
			productType = "com.apple.product-type.application";
		};
		3CC3E6AB26D0E6BF007EE11C /* MovieNoteTests */ = {
			isa = PBXNativeTarget;
			buildConfigurationList = 3CC3E6C326D0E6BF007EE11C /* Build configuration list for PBXNativeTarget "MovieNoteTests" */;
			buildPhases = (
				3CC3E6A826D0E6BF007EE11C /* Sources */,
				3CC3E6A926D0E6BF007EE11C /* Frameworks */,
				3CC3E6AA26D0E6BF007EE11C /* Resources */,
			);
			buildRules = (
			);
			dependencies = (
				3CC3E6AE26D0E6BF007EE11C /* PBXTargetDependency */,
			);
			name = MovieNoteTests;
			productName = MovieNoteTests;
			productReference = 3CC3E6AC26D0E6BF007EE11C /* MovieNoteTests.xctest */;
			productType = "com.apple.product-type.bundle.unit-test";
		};
		3CC3E6B626D0E6BF007EE11C /* MovieNoteUITests */ = {
			isa = PBXNativeTarget;
			buildConfigurationList = 3CC3E6C626D0E6BF007EE11C /* Build configuration list for PBXNativeTarget "MovieNoteUITests" */;
			buildPhases = (
				3CC3E6B326D0E6BF007EE11C /* Sources */,
				3CC3E6B426D0E6BF007EE11C /* Frameworks */,
				3CC3E6B526D0E6BF007EE11C /* Resources */,
			);
			buildRules = (
			);
			dependencies = (
				3CC3E6B926D0E6BF007EE11C /* PBXTargetDependency */,
			);
			name = MovieNoteUITests;
			productName = MovieNoteUITests;
			productReference = 3CC3E6B726D0E6BF007EE11C /* MovieNoteUITests.xctest */;
			productType = "com.apple.product-type.bundle.ui-testing";
		};
/* End PBXNativeTarget section */

/* Begin PBXProject section */
		3CC3E68E26D0E6BD007EE11C /* Project object */ = {
			isa = PBXProject;
			attributes = {
				LastSwiftUpdateCheck = 1250;
				LastUpgradeCheck = 1250;
				TargetAttributes = {
					3CC3E69526D0E6BD007EE11C = {
						CreatedOnToolsVersion = 12.5;
					};
					3CC3E6AB26D0E6BF007EE11C = {
						CreatedOnToolsVersion = 12.5;
						TestTargetID = 3CC3E69526D0E6BD007EE11C;
					};
					3CC3E6B626D0E6BF007EE11C = {
						CreatedOnToolsVersion = 12.5;
						TestTargetID = 3CC3E69526D0E6BD007EE11C;
					};
				};
			};
			buildConfigurationList = 3CC3E69126D0E6BD007EE11C /* Build configuration list for PBXProject "MovieNote" */;
			compatibilityVersion = "Xcode 9.3";
			developmentRegion = en;
			hasScannedForEncodings = 0;
			knownRegions = (
				en,
				Base,
			);
			mainGroup = 3CC3E68D26D0E6BD007EE11C;
			productRefGroup = 3CC3E69726D0E6BD007EE11C /* Products */;
			projectDirPath = "";
			projectRoot = "";
			targets = (
				3CC3E69526D0E6BD007EE11C /* MovieNote */,
				3CC3E6AB26D0E6BF007EE11C /* MovieNoteTests */,
				3CC3E6B626D0E6BF007EE11C /* MovieNoteUITests */,
			);
		};
/* End PBXProject section */

/* Begin PBXResourcesBuildPhase section */
		3CC3E69426D0E6BD007EE11C /* Resources */ = {
			isa = PBXResourcesBuildPhase;
			buildActionMask = 2147483647;
			files = (
				3CC3E6A626D0E6BF007EE11C /* LaunchScreen.storyboard in Resources */,
				3CC3E6A326D0E6BF007EE11C /* Preview Assets.xcassets in Resources */,
				3CC3E6A026D0E6BF007EE11C /* Assets.xcassets in Resources */,
			);
			runOnlyForDeploymentPostprocessing = 0;
		};
		3CC3E6AA26D0E6BF007EE11C /* Resources */ = {
			isa = PBXResourcesBuildPhase;
			buildActionMask = 2147483647;
			files = (
			);
			runOnlyForDeploymentPostprocessing = 0;
		};
		3CC3E6B526D0E6BF007EE11C /* Resources */ = {
			isa = PBXResourcesBuildPhase;
			buildActionMask = 2147483647;
			files = (
			);
			runOnlyForDeploymentPostprocessing = 0;
		};
/* End PBXResourcesBuildPhase section */

/* Begin PBXSourcesBuildPhase section */
		3CC3E69226D0E6BD007EE11C /* Sources */ = {
			isa = PBXSourcesBuildPhase;
			buildActionMask = 2147483647;
			files = (
				3CC3E6D426D143BB007EE11C /* NoteListView.swift in Sources */,
				3CC3E6E426D1603C007EE11C /* SettingView.swift in Sources */,
				3CC3E6EA26D16B7D007EE11C /* Movie.swift in Sources */,
				3CC3E6E826D16242007EE11C /* Trending.swift in Sources */,
				3CC3E69A26D0E6BD007EE11C /* AppDelegate.swift in Sources */,
				3CC3E6DD26D14C15007EE11C /* SettingRootView.swift in Sources */,
				3CC3E6F226D28FA4007EE11C /* NetworkResource.swift in Sources */,
				3CC3E6F026D24497007EE11C /* NetworkService.swift in Sources */,
				3CC3E6E026D15C05007EE11C /* Constants.swift in Sources */,
				3CC3E6F626D2A6B1007EE11C /* Publisher+Utils.swift in Sources */,
				3CC3E6CA26D0EC5C007EE11C /* MainView.swift in Sources */,
				3CC3E69C26D0E6BD007EE11C /* SceneDelegate.swift in Sources */,
				3CC3E6D026D14299007EE11C /* TrendingView.swift in Sources */,
				3CC3E69E26D0E6BD007EE11C /* ContentView.swift in Sources */,
				3CC3E6F426D28FC8007EE11C /* NetworkResource+TMDB.swift in Sources */,
			);
			runOnlyForDeploymentPostprocessing = 0;
		};
		3CC3E6A826D0E6BF007EE11C /* Sources */ = {
			isa = PBXSourcesBuildPhase;
			buildActionMask = 2147483647;
			files = (
				3CC3E6B126D0E6BF007EE11C /* MovieNoteTests.swift in Sources */,
			);
			runOnlyForDeploymentPostprocessing = 0;
		};
		3CC3E6B326D0E6BF007EE11C /* Sources */ = {
			isa = PBXSourcesBuildPhase;
			buildActionMask = 2147483647;
			files = (
				3CC3E6BC26D0E6BF007EE11C /* MovieNoteUITests.swift in Sources */,
			);
			runOnlyForDeploymentPostprocessing = 0;
		};
/* End PBXSourcesBuildPhase section */

/* Begin PBXTargetDependency section */
		3CC3E6AE26D0E6BF007EE11C /* PBXTargetDependency */ = {
			isa = PBXTargetDependency;
			target = 3CC3E69526D0E6BD007EE11C /* MovieNote */;
			targetProxy = 3CC3E6AD26D0E6BF007EE11C /* PBXContainerItemProxy */;
		};
		3CC3E6B926D0E6BF007EE11C /* PBXTargetDependency */ = {
			isa = PBXTargetDependency;
			target = 3CC3E69526D0E6BD007EE11C /* MovieNote */;
			targetProxy = 3CC3E6B826D0E6BF007EE11C /* PBXContainerItemProxy */;
		};
/* End PBXTargetDependency section */

/* Begin PBXVariantGroup section */
		3CC3E6A426D0E6BF007EE11C /* LaunchScreen.storyboard */ = {
			isa = PBXVariantGroup;
			children = (
				3CC3E6A526D0E6BF007EE11C /* Base */,
			);
			name = LaunchScreen.storyboard;
			sourceTree = "<group>";
		};
/* End PBXVariantGroup section */

/* Begin XCBuildConfiguration section */
		3CC3E6BE26D0E6BF007EE11C /* Debug */ = {
			isa = XCBuildConfiguration;
			buildSettings = {
				ALWAYS_SEARCH_USER_PATHS = NO;
				CLANG_ANALYZER_NONNULL = YES;
				CLANG_ANALYZER_NUMBER_OBJECT_CONVERSION = YES_AGGRESSIVE;
				CLANG_CXX_LANGUAGE_STANDARD = "gnu++14";
				CLANG_CXX_LIBRARY = "libc++";
				CLANG_ENABLE_MODULES = YES;
				CLANG_ENABLE_OBJC_ARC = YES;
				CLANG_ENABLE_OBJC_WEAK = YES;
				CLANG_WARN_BLOCK_CAPTURE_AUTORELEASING = YES;
				CLANG_WARN_BOOL_CONVERSION = YES;
				CLANG_WARN_COMMA = YES;
				CLANG_WARN_CONSTANT_CONVERSION = YES;
				CLANG_WARN_DEPRECATED_OBJC_IMPLEMENTATIONS = YES;
				CLANG_WARN_DIRECT_OBJC_ISA_USAGE = YES_ERROR;
				CLANG_WARN_DOCUMENTATION_COMMENTS = YES;
				CLANG_WARN_EMPTY_BODY = YES;
				CLANG_WARN_ENUM_CONVERSION = YES;
				CLANG_WARN_INFINITE_RECURSION = YES;
				CLANG_WARN_INT_CONVERSION = YES;
				CLANG_WARN_NON_LITERAL_NULL_CONVERSION = YES;
				CLANG_WARN_OBJC_IMPLICIT_RETAIN_SELF = YES;
				CLANG_WARN_OBJC_LITERAL_CONVERSION = YES;
				CLANG_WARN_OBJC_ROOT_CLASS = YES_ERROR;
				CLANG_WARN_QUOTED_INCLUDE_IN_FRAMEWORK_HEADER = YES;
				CLANG_WARN_RANGE_LOOP_ANALYSIS = YES;
				CLANG_WARN_STRICT_PROTOTYPES = YES;
				CLANG_WARN_SUSPICIOUS_MOVE = YES;
				CLANG_WARN_UNGUARDED_AVAILABILITY = YES_AGGRESSIVE;
				CLANG_WARN_UNREACHABLE_CODE = YES;
				CLANG_WARN__DUPLICATE_METHOD_MATCH = YES;
				COPY_PHASE_STRIP = NO;
				DEBUG_INFORMATION_FORMAT = dwarf;
				ENABLE_STRICT_OBJC_MSGSEND = YES;
				ENABLE_TESTABILITY = YES;
				GCC_C_LANGUAGE_STANDARD = gnu11;
				GCC_DYNAMIC_NO_PIC = NO;
				GCC_NO_COMMON_BLOCKS = YES;
				GCC_OPTIMIZATION_LEVEL = 0;
				GCC_PREPROCESSOR_DEFINITIONS = (
					"DEBUG=1",
					"$(inherited)",
				);
				GCC_WARN_64_TO_32_BIT_CONVERSION = YES;
				GCC_WARN_ABOUT_RETURN_TYPE = YES_ERROR;
				GCC_WARN_UNDECLARED_SELECTOR = YES;
				GCC_WARN_UNINITIALIZED_AUTOS = YES_AGGRESSIVE;
				GCC_WARN_UNUSED_FUNCTION = YES;
				GCC_WARN_UNUSED_VARIABLE = YES;
				IPHONEOS_DEPLOYMENT_TARGET = 14.5;
				MTL_ENABLE_DEBUG_INFO = INCLUDE_SOURCE;
				MTL_FAST_MATH = YES;
				ONLY_ACTIVE_ARCH = YES;
				SDKROOT = iphoneos;
				SWIFT_ACTIVE_COMPILATION_CONDITIONS = DEBUG;
				SWIFT_OPTIMIZATION_LEVEL = "-Onone";
			};
			name = Debug;
		};
		3CC3E6BF26D0E6BF007EE11C /* Release */ = {
			isa = XCBuildConfiguration;
			buildSettings = {
				ALWAYS_SEARCH_USER_PATHS = NO;
				CLANG_ANALYZER_NONNULL = YES;
				CLANG_ANALYZER_NUMBER_OBJECT_CONVERSION = YES_AGGRESSIVE;
				CLANG_CXX_LANGUAGE_STANDARD = "gnu++14";
				CLANG_CXX_LIBRARY = "libc++";
				CLANG_ENABLE_MODULES = YES;
				CLANG_ENABLE_OBJC_ARC = YES;
				CLANG_ENABLE_OBJC_WEAK = YES;
				CLANG_WARN_BLOCK_CAPTURE_AUTORELEASING = YES;
				CLANG_WARN_BOOL_CONVERSION = YES;
				CLANG_WARN_COMMA = YES;
				CLANG_WARN_CONSTANT_CONVERSION = YES;
				CLANG_WARN_DEPRECATED_OBJC_IMPLEMENTATIONS = YES;
				CLANG_WARN_DIRECT_OBJC_ISA_USAGE = YES_ERROR;
				CLANG_WARN_DOCUMENTATION_COMMENTS = YES;
				CLANG_WARN_EMPTY_BODY = YES;
				CLANG_WARN_ENUM_CONVERSION = YES;
				CLANG_WARN_INFINITE_RECURSION = YES;
				CLANG_WARN_INT_CONVERSION = YES;
				CLANG_WARN_NON_LITERAL_NULL_CONVERSION = YES;
				CLANG_WARN_OBJC_IMPLICIT_RETAIN_SELF = YES;
				CLANG_WARN_OBJC_LITERAL_CONVERSION = YES;
				CLANG_WARN_OBJC_ROOT_CLASS = YES_ERROR;
				CLANG_WARN_QUOTED_INCLUDE_IN_FRAMEWORK_HEADER = YES;
				CLANG_WARN_RANGE_LOOP_ANALYSIS = YES;
				CLANG_WARN_STRICT_PROTOTYPES = YES;
				CLANG_WARN_SUSPICIOUS_MOVE = YES;
				CLANG_WARN_UNGUARDED_AVAILABILITY = YES_AGGRESSIVE;
				CLANG_WARN_UNREACHABLE_CODE = YES;
				CLANG_WARN__DUPLICATE_METHOD_MATCH = YES;
				COPY_PHASE_STRIP = NO;
				DEBUG_INFORMATION_FORMAT = "dwarf-with-dsym";
				ENABLE_NS_ASSERTIONS = NO;
				ENABLE_STRICT_OBJC_MSGSEND = YES;
				GCC_C_LANGUAGE_STANDARD = gnu11;
				GCC_NO_COMMON_BLOCKS = YES;
				GCC_WARN_64_TO_32_BIT_CONVERSION = YES;
				GCC_WARN_ABOUT_RETURN_TYPE = YES_ERROR;
				GCC_WARN_UNDECLARED_SELECTOR = YES;
				GCC_WARN_UNINITIALIZED_AUTOS = YES_AGGRESSIVE;
				GCC_WARN_UNUSED_FUNCTION = YES;
				GCC_WARN_UNUSED_VARIABLE = YES;
				IPHONEOS_DEPLOYMENT_TARGET = 14.5;
				MTL_ENABLE_DEBUG_INFO = NO;
				MTL_FAST_MATH = YES;
				SDKROOT = iphoneos;
				SWIFT_COMPILATION_MODE = wholemodule;
				SWIFT_OPTIMIZATION_LEVEL = "-O";
				VALIDATE_PRODUCT = YES;
			};
			name = Release;
		};
		3CC3E6C126D0E6BF007EE11C /* Debug */ = {
			isa = XCBuildConfiguration;
			buildSettings = {
				ASSETCATALOG_COMPILER_APPICON_NAME = AppIcon;
				ASSETCATALOG_COMPILER_GLOBAL_ACCENT_COLOR_NAME = AccentColor;
				CODE_SIGN_STYLE = Automatic;
				DEVELOPMENT_ASSET_PATHS = "\"MovieNote/Preview Content\"";
				DEVELOPMENT_TEAM = JVARH39G6R;
				ENABLE_PREVIEWS = YES;
				INFOPLIST_FILE = MovieNote/Info.plist;
				IPHONEOS_DEPLOYMENT_TARGET = 13.0;
				LD_RUNPATH_SEARCH_PATHS = (
					"$(inherited)",
					"@executable_path/Frameworks",
				);
				PRODUCT_BUNDLE_IDENTIFIER = com.pxchen.MovieNote;
				PRODUCT_NAME = "$(TARGET_NAME)";
				SWIFT_VERSION = 5.0;
				TARGETED_DEVICE_FAMILY = "1,2";
			};
			name = Debug;
		};
		3CC3E6C226D0E6BF007EE11C /* Release */ = {
			isa = XCBuildConfiguration;
			buildSettings = {
				ASSETCATALOG_COMPILER_APPICON_NAME = AppIcon;
				ASSETCATALOG_COMPILER_GLOBAL_ACCENT_COLOR_NAME = AccentColor;
				CODE_SIGN_STYLE = Automatic;
				DEVELOPMENT_ASSET_PATHS = "\"MovieNote/Preview Content\"";
				DEVELOPMENT_TEAM = JVARH39G6R;
				ENABLE_PREVIEWS = YES;
				INFOPLIST_FILE = MovieNote/Info.plist;
				IPHONEOS_DEPLOYMENT_TARGET = 13.0;
				LD_RUNPATH_SEARCH_PATHS = (
					"$(inherited)",
					"@executable_path/Frameworks",
				);
				PRODUCT_BUNDLE_IDENTIFIER = com.pxchen.MovieNote;
				PRODUCT_NAME = "$(TARGET_NAME)";
				SWIFT_VERSION = 5.0;
				TARGETED_DEVICE_FAMILY = "1,2";
			};
			name = Release;
		};
		3CC3E6C426D0E6BF007EE11C /* Debug */ = {
			isa = XCBuildConfiguration;
			buildSettings = {
				ALWAYS_EMBED_SWIFT_STANDARD_LIBRARIES = YES;
				BUNDLE_LOADER = "$(TEST_HOST)";
				CODE_SIGN_STYLE = Automatic;
				DEVELOPMENT_TEAM = JVARH39G6R;
				INFOPLIST_FILE = MovieNoteTests/Info.plist;
				IPHONEOS_DEPLOYMENT_TARGET = 14.5;
				LD_RUNPATH_SEARCH_PATHS = (
					"$(inherited)",
					"@executable_path/Frameworks",
					"@loader_path/Frameworks",
				);
				PRODUCT_BUNDLE_IDENTIFIER = com.pxchen.MovieNoteTests;
				PRODUCT_NAME = "$(TARGET_NAME)";
				SWIFT_VERSION = 5.0;
				TARGETED_DEVICE_FAMILY = "1,2";
				TEST_HOST = "$(BUILT_PRODUCTS_DIR)/MovieNote.app/MovieNote";
			};
			name = Debug;
		};
		3CC3E6C526D0E6BF007EE11C /* Release */ = {
			isa = XCBuildConfiguration;
			buildSettings = {
				ALWAYS_EMBED_SWIFT_STANDARD_LIBRARIES = YES;
				BUNDLE_LOADER = "$(TEST_HOST)";
				CODE_SIGN_STYLE = Automatic;
				DEVELOPMENT_TEAM = JVARH39G6R;
				INFOPLIST_FILE = MovieNoteTests/Info.plist;
				IPHONEOS_DEPLOYMENT_TARGET = 14.5;
				LD_RUNPATH_SEARCH_PATHS = (
					"$(inherited)",
					"@executable_path/Frameworks",
					"@loader_path/Frameworks",
				);
				PRODUCT_BUNDLE_IDENTIFIER = com.pxchen.MovieNoteTests;
				PRODUCT_NAME = "$(TARGET_NAME)";
				SWIFT_VERSION = 5.0;
				TARGETED_DEVICE_FAMILY = "1,2";
				TEST_HOST = "$(BUILT_PRODUCTS_DIR)/MovieNote.app/MovieNote";
			};
			name = Release;
		};
		3CC3E6C726D0E6BF007EE11C /* Debug */ = {
			isa = XCBuildConfiguration;
			buildSettings = {
				ALWAYS_EMBED_SWIFT_STANDARD_LIBRARIES = YES;
				CODE_SIGN_STYLE = Automatic;
				DEVELOPMENT_TEAM = JVARH39G6R;
				INFOPLIST_FILE = MovieNoteUITests/Info.plist;
				LD_RUNPATH_SEARCH_PATHS = (
					"$(inherited)",
					"@executable_path/Frameworks",
					"@loader_path/Frameworks",
				);
				PRODUCT_BUNDLE_IDENTIFIER = com.pxchen.MovieNoteUITests;
				PRODUCT_NAME = "$(TARGET_NAME)";
				SWIFT_VERSION = 5.0;
				TARGETED_DEVICE_FAMILY = "1,2";
				TEST_TARGET_NAME = MovieNote;
			};
			name = Debug;
		};
		3CC3E6C826D0E6BF007EE11C /* Release */ = {
			isa = XCBuildConfiguration;
			buildSettings = {
				ALWAYS_EMBED_SWIFT_STANDARD_LIBRARIES = YES;
				CODE_SIGN_STYLE = Automatic;
				DEVELOPMENT_TEAM = JVARH39G6R;
				INFOPLIST_FILE = MovieNoteUITests/Info.plist;
				LD_RUNPATH_SEARCH_PATHS = (
					"$(inherited)",
					"@executable_path/Frameworks",
					"@loader_path/Frameworks",
				);
				PRODUCT_BUNDLE_IDENTIFIER = com.pxchen.MovieNoteUITests;
				PRODUCT_NAME = "$(TARGET_NAME)";
				SWIFT_VERSION = 5.0;
				TARGETED_DEVICE_FAMILY = "1,2";
				TEST_TARGET_NAME = MovieNote;
			};
			name = Release;
		};
/* End XCBuildConfiguration section */

/* Begin XCConfigurationList section */
		3CC3E69126D0E6BD007EE11C /* Build configuration list for PBXProject "MovieNote" */ = {
			isa = XCConfigurationList;
			buildConfigurations = (
				3CC3E6BE26D0E6BF007EE11C /* Debug */,
				3CC3E6BF26D0E6BF007EE11C /* Release */,
			);
			defaultConfigurationIsVisible = 0;
			defaultConfigurationName = Release;
		};
		3CC3E6C026D0E6BF007EE11C /* Build configuration list for PBXNativeTarget "MovieNote" */ = {
			isa = XCConfigurationList;
			buildConfigurations = (
				3CC3E6C126D0E6BF007EE11C /* Debug */,
				3CC3E6C226D0E6BF007EE11C /* Release */,
			);
			defaultConfigurationIsVisible = 0;
			defaultConfigurationName = Release;
		};
		3CC3E6C326D0E6BF007EE11C /* Build configuration list for PBXNativeTarget "MovieNoteTests" */ = {
			isa = XCConfigurationList;
			buildConfigurations = (
				3CC3E6C426D0E6BF007EE11C /* Debug */,
				3CC3E6C526D0E6BF007EE11C /* Release */,
			);
			defaultConfigurationIsVisible = 0;
			defaultConfigurationName = Release;
		};
		3CC3E6C626D0E6BF007EE11C /* Build configuration list for PBXNativeTarget "MovieNoteUITests" */ = {
			isa = XCConfigurationList;
			buildConfigurations = (
				3CC3E6C726D0E6BF007EE11C /* Debug */,
				3CC3E6C826D0E6BF007EE11C /* Release */,
			);
			defaultConfigurationIsVisible = 0;
			defaultConfigurationName = Release;
		};
/* End XCConfigurationList section */
	};
	rootObject = 3CC3E68E26D0E6BD007EE11C /* Project object */;
}
